
Microsoft Visual Studio Solution File, Format Version 12.00
# Visual Studio Version 16
VisualStudioVersion = 16.0.29215.179
MinimumVisualStudioVersion = 10.0.40219.1
Project("{FAE04EC0-301F-11D3-BF4B-00C04F79EFBC}") = "CustomZombicide.API", "CustomZombicide.API\CustomZombicide.API.csproj", "{F48A9FF9-E7D0-407A-9230-0F68B9E302BB}"
EndProject
Global
	GlobalSection(SolutionConfigurationPlatforms) = preSolution
		Debug|Any CPU = Debug|Any CPU
		Release|Any CPU = Release|Any CPU
	EndGlobalSection
	GlobalSection(ProjectConfigurationPlatforms) = postSolution
		{F48A9FF9-E7D0-407A-9230-0F68B9E302BB}.Debug|Any CPU.ActiveCfg = Debug|Any CPU
		{F48A9FF9-E7D0-407A-9230-0F68B9E302BB}.Debug|Any CPU.Build.0 = Debug|Any CPU
		{F48A9FF9-E7D0-407A-9230-0F68B9E302BB}.Release|Any CPU.ActiveCfg = Release|Any CPU
		{F48A9FF9-E7D0-407A-9230-0F68B9E302BB}.Release|Any CPU.Build.0 = Release|Any CPU
	EndGlobalSection
	GlobalSection(SolutionProperties) = preSolution
		HideSolutionNode = FALSE
	EndGlobalSection
	GlobalSection(ExtensibilityGlobals) = postSolution
		SolutionGuid = {8D536130-2D5C-4EB5-A721-DF2A31B646FF}
	EndGlobalSection
EndGlobal
